
Microsoft Visual Studio Solution File, Format Version 12.00
# Visual Studio Version 17
VisualStudioVersion = 17.9.34616.47
MinimumVisualStudioVersion = 10.0.40219.1
Project("{FAE04EC0-301F-11D3-BF4B-00C04F79EFBC}") = "OOP_DEMO", "OOP_DEMO\OOP_DEMO.csproj", "{44A36797-E24B-451D-9B16-F010ACE71EDC}"
EndProject
Global
	GlobalSection(SolutionConfigurationPlatforms) = preSolution
		Debug|Any CPU = Debug|Any CPU
		Release|Any CPU = Release|Any CPU
	EndGlobalSection
	GlobalSection(ProjectConfigurationPlatforms) = postSolution
		{44A36797-E24B-451D-9B16-F010ACE71EDC}.Debug|Any CPU.ActiveCfg = Debug|Any CPU
		{44A36797-E24B-451D-9B16-F010ACE71EDC}.Debug|Any CPU.Build.0 = Debug|Any CPU
		{44A36797-E24B-451D-9B16-F010ACE71EDC}.Release|Any CPU.ActiveCfg = Release|Any CPU
		{44A36797-E24B-451D-9B16-F010ACE71EDC}.Release|Any CPU.Build.0 = Release|Any CPU
	EndGlobalSection
	GlobalSection(SolutionProperties) = preSolution
		HideSolutionNode = FALSE
	EndGlobalSection
	GlobalSection(ExtensibilityGlobals) = postSolution
		SolutionGuid = {14AE4402-F548-4E26-ACA4-FC69029754E4}
	EndGlobalSection
EndGlobal
